
Microsoft Visual Studio Solution File, Format Version 11.00
# Visual Studio 2010
Project("{8BC9CEB8-8B4A-11D0-8D11-00A0C91BC942}") = "Client.Core", "Client\Client.vcxproj", "{A3A3B8B8-9578-4B38-95C9-42A6B4D29A07}"
EndProject
Project("{8BC9CEB8-8B4A-11D0-8D11-00A0C91BC942}") = "Server.Core", "Server\Server.vcxproj", "{8C084B19-A368-4AC4-9CBC-A7D0358EEA38}"
EndProject
Project("{8BC9CEB8-8B4A-11D0-8D11-00A0C91BC942}") = "FileCompressor", "FileCompressor\FileCompressor.vcxproj", "{B786EE1C-3F5F-403F-B0FE-795721F73346}"
EndProject
Project("{2150E333-8FDC-42A3-9474-1A3956D46DE8}") = "Client", "Client", "{74D33BF4-EE0A-4D33-979C-5DB5304AB37C}"
EndProject
Project("{2150E333-8FDC-42A3-9474-1A3956D46DE8}") = "Tools", "Tools", "{19D2C173-C0B7-40B1-8C39-A570AF1A083C}"
EndProject
Project("{2150E333-8FDC-42A3-9474-1A3956D46DE8}") = "Server", "Server", "{06A79B1E-DA27-40CD-9BF8-5C35264F8CD2}"
EndProject
Project("{2150E333-8FDC-42A3-9474-1A3956D46DE8}") = "Dependencies", "Dependencies", "{957F359A-E962-4A33-8448-E573B596741F}"
EndProject
Project("{8BC9CEB8-8B4A-11D0-8D11-00A0C91BC942}") = "libpng", "Libraries\lpng142\projects\libpng.vcxproj", "{21DB5D0C-2F40-4D79-BE75-021E3D35B2F9}"
EndProject
Project("{8BC9CEB8-8B4A-11D0-8D11-00A0C91BC942}") = "zlib", "Libraries\zlib-1.2.5\projects\zlib.vcxproj", "{9006D124-5D00-4CB7-BAD9-F527B19502C9}"
EndProject
Project("{2150E333-8FDC-42A3-9474-1A3956D46DE8}") = "CEGUI", "CEGUI", "{1CE1A1E4-2078-4DD4-9660-671EE8D01848}"
EndProject
Project("{8BC9CEB8-8B4A-11D0-8D11-00A0C91BC942}") = "CEGUI - Base", "Libraries\cegui-0.4.0-custom\makefiles\win32\VC++7.1\BaseSystem\BaseSystem.vcxproj", "{232B1F48-87C1-4EF9-98A2-CF675BAC7A54}"
EndProject
Project("{8BC9CEB8-8B4A-11D0-8D11-00A0C91BC942}") = "CEGUI - DirectX9GUIRenderer", "Libraries\cegui-0.4.0-custom\makefiles\win32\VC++7.1\Renderers\DirectX9Renderer\DirectX9GUIRenderer.vcxproj", "{7582B608-D92F-4FCB-B682-2214B48D1596}"
EndProject
Project("{8BC9CEB8-8B4A-11D0-8D11-00A0C91BC942}") = "CEGUI - FalagardBase", "Libraries\cegui-0.4.0-custom\makefiles\win32\VC++7.1\WidgetSets\Falagard\Falagard.vcxproj", "{04E4A944-225A-4BFB-B7B5-F23AEE884989}"
EndProject
Project("{8BC9CEB8-8B4A-11D0-8D11-00A0C91BC942}") = "Client.Launcher", "Launcher\Client.Launcher.vcxproj", "{91C36243-5BBB-4BA7-8522-69412BD36834}"
EndProject
Project("{8BC9CEB8-8B4A-11D0-8D11-00A0C91BC942}") = "tinyxml", "Libraries\tinyxml\tinyxml.vcxproj", "{7D9BFC11-AEAF-435F-9B1F-EC24747BC4EF}"
EndProject
Project("{8BC9CEB8-8B4A-11D0-8D11-00A0C91BC942}") = "RakNetStatic", "Libraries\RakNet\Projects\RakNetStatic.vcxproj", "{19E06AC6-35E8-47E2-BF29-9C897DFFC37C}"
EndProject
Project("{8BC9CEB8-8B4A-11D0-8D11-00A0C91BC942}") = "Client.Launcher2", "Client.Launcher2\Client.Launcher2.vcxproj", "{4F9028FA-B7DE-42EA-8FF9-7EA2FF537011}"
EndProject
Global
	GlobalSection(SolutionConfigurationPlatforms) = preSolution
		Debug|Win32 = Debug|Win32
		Nightly|Win32 = Nightly|Win32
		Release|Win32 = Release|Win32
	EndGlobalSection
	GlobalSection(ProjectConfigurationPlatforms) = postSolution
		{A3A3B8B8-9578-4B38-95C9-42A6B4D29A07}.Debug|Win32.ActiveCfg = Debug|Win32
		{A3A3B8B8-9578-4B38-95C9-42A6B4D29A07}.Debug|Win32.Build.0 = Debug|Win32
		{A3A3B8B8-9578-4B38-95C9-42A6B4D29A07}.Nightly|Win32.ActiveCfg = Release|Win32
		{A3A3B8B8-9578-4B38-95C9-42A6B4D29A07}.Nightly|Win32.Build.0 = Release|Win32
		{A3A3B8B8-9578-4B38-95C9-42A6B4D29A07}.Release|Win32.ActiveCfg = Release|Win32
		{A3A3B8B8-9578-4B38-95C9-42A6B4D29A07}.Release|Win32.Build.0 = Release|Win32
		{8C084B19-A368-4AC4-9CBC-A7D0358EEA38}.Debug|Win32.ActiveCfg = Debug|Win32
		{8C084B19-A368-4AC4-9CBC-A7D0358EEA38}.Debug|Win32.Build.0 = Debug|Win32
		{8C084B19-A368-4AC4-9CBC-A7D0358EEA38}.Nightly|Win32.ActiveCfg = Release|Win32
		{8C084B19-A368-4AC4-9CBC-A7D0358EEA38}.Nightly|Win32.Build.0 = Release|Win32
		{8C084B19-A368-4AC4-9CBC-A7D0358EEA38}.Release|Win32.ActiveCfg = Release|Win32
		{8C084B19-A368-4AC4-9CBC-A7D0358EEA38}.Release|Win32.Build.0 = Release|Win32
		{B786EE1C-3F5F-403F-B0FE-795721F73346}.Debug|Win32.ActiveCfg = Debug|Win32
		{B786EE1C-3F5F-403F-B0FE-795721F73346}.Debug|Win32.Build.0 = Debug|Win32
		{B786EE1C-3F5F-403F-B0FE-795721F73346}.Nightly|Win32.ActiveCfg = Release|Win32
		{B786EE1C-3F5F-403F-B0FE-795721F73346}.Nightly|Win32.Build.0 = Release|Win32
		{B786EE1C-3F5F-403F-B0FE-795721F73346}.Release|Win32.ActiveCfg = Release|Win32
		{B786EE1C-3F5F-403F-B0FE-795721F73346}.Release|Win32.Build.0 = Release|Win32
		{21DB5D0C-2F40-4D79-BE75-021E3D35B2F9}.Debug|Win32.ActiveCfg = Debug|Win32
		{21DB5D0C-2F40-4D79-BE75-021E3D35B2F9}.Debug|Win32.Build.0 = Debug|Win32
		{21DB5D0C-2F40-4D79-BE75-021E3D35B2F9}.Nightly|Win32.ActiveCfg = Release|Win32
		{21DB5D0C-2F40-4D79-BE75-021E3D35B2F9}.Nightly|Win32.Build.0 = Release|Win32
		{21DB5D0C-2F40-4D79-BE75-021E3D35B2F9}.Release|Win32.ActiveCfg = Release|Win32
		{21DB5D0C-2F40-4D79-BE75-021E3D35B2F9}.Release|Win32.Build.0 = Release|Win32
		{9006D124-5D00-4CB7-BAD9-F527B19502C9}.Debug|Win32.ActiveCfg = Debug|Win32
		{9006D124-5D00-4CB7-BAD9-F527B19502C9}.Debug|Win32.Build.0 = Debug|Win32
		{9006D124-5D00-4CB7-BAD9-F527B19502C9}.Nightly|Win32.ActiveCfg = Release|Win32
		{9006D124-5D00-4CB7-BAD9-F527B19502C9}.Nightly|Win32.Build.0 = Release|Win32
		{9006D124-5D00-4CB7-BAD9-F527B19502C9}.Release|Win32.ActiveCfg = Release|Win32
		{9006D124-5D00-4CB7-BAD9-F527B19502C9}.Release|Win32.Build.0 = Release|Win32
		{232B1F48-87C1-4EF9-98A2-CF675BAC7A54}.Debug|Win32.ActiveCfg = Debug|Win32
		{232B1F48-87C1-4EF9-98A2-CF675BAC7A54}.Debug|Win32.Build.0 = Debug|Win32
		{232B1F48-87C1-4EF9-98A2-CF675BAC7A54}.Nightly|Win32.ActiveCfg = Nightly|Win32
		{232B1F48-87C1-4EF9-98A2-CF675BAC7A54}.Nightly|Win32.Build.0 = Nightly|Win32
		{232B1F48-87C1-4EF9-98A2-CF675BAC7A54}.Release|Win32.ActiveCfg = Release|Win32
		{232B1F48-87C1-4EF9-98A2-CF675BAC7A54}.Release|Win32.Build.0 = Release|Win32
		{7582B608-D92F-4FCB-B682-2214B48D1596}.Debug|Win32.ActiveCfg = Debug|Win32
		{7582B608-D92F-4FCB-B682-2214B48D1596}.Debug|Win32.Build.0 = Debug|Win32
		{7582B608-D92F-4FCB-B682-2214B48D1596}.Nightly|Win32.ActiveCfg = Nightly|Win32
		{7582B608-D92F-4FCB-B682-2214B48D1596}.Nightly|Win32.Build.0 = Nightly|Win32
		{7582B608-D92F-4FCB-B682-2214B48D1596}.Release|Win32.ActiveCfg = Release|Win32
		{7582B608-D92F-4FCB-B682-2214B48D1596}.Release|Win32.Build.0 = Release|Win32
		{04E4A944-225A-4BFB-B7B5-F23AEE884989}.Debug|Win32.ActiveCfg = Debug|Win32
		{04E4A944-225A-4BFB-B7B5-F23AEE884989}.Debug|Win32.Build.0 = Debug|Win32
		{04E4A944-225A-4BFB-B7B5-F23AEE884989}.Nightly|Win32.ActiveCfg = Nightly|Win32
		{04E4A944-225A-4BFB-B7B5-F23AEE884989}.Nightly|Win32.Build.0 = Nightly|Win32
		{04E4A944-225A-4BFB-B7B5-F23AEE884989}.Release|Win32.ActiveCfg = Release|Win32
		{04E4A944-225A-4BFB-B7B5-F23AEE884989}.Release|Win32.Build.0 = Release|Win32
		{91C36243-5BBB-4BA7-8522-69412BD36834}.Debug|Win32.ActiveCfg = Debug|Win32
		{91C36243-5BBB-4BA7-8522-69412BD36834}.Debug|Win32.Build.0 = Debug|Win32
		{91C36243-5BBB-4BA7-8522-69412BD36834}.Nightly|Win32.ActiveCfg = Release|Win32
		{91C36243-5BBB-4BA7-8522-69412BD36834}.Nightly|Win32.Build.0 = Release|Win32
		{91C36243-5BBB-4BA7-8522-69412BD36834}.Release|Win32.ActiveCfg = Release|Win32
		{91C36243-5BBB-4BA7-8522-69412BD36834}.Release|Win32.Build.0 = Release|Win32
		{7D9BFC11-AEAF-435F-9B1F-EC24747BC4EF}.Debug|Win32.ActiveCfg = Debug|Win32
		{7D9BFC11-AEAF-435F-9B1F-EC24747BC4EF}.Debug|Win32.Build.0 = Debug|Win32
		{7D9BFC11-AEAF-435F-9B1F-EC24747BC4EF}.Nightly|Win32.ActiveCfg = Release|Win32
		{7D9BFC11-AEAF-435F-9B1F-EC24747BC4EF}.Nightly|Win32.Build.0 = Release|Win32
		{7D9BFC11-AEAF-435F-9B1F-EC24747BC4EF}.Release|Win32.ActiveCfg = Release|Win32
		{7D9BFC11-AEAF-435F-9B1F-EC24747BC4EF}.Release|Win32.Build.0 = Release|Win32
		{19E06AC6-35E8-47E2-BF29-9C897DFFC37C}.Debug|Win32.ActiveCfg = Debug|Win32
		{19E06AC6-35E8-47E2-BF29-9C897DFFC37C}.Debug|Win32.Build.0 = Debug|Win32
		{19E06AC6-35E8-47E2-BF29-9C897DFFC37C}.Nightly|Win32.ActiveCfg = Release|Win32
		{19E06AC6-35E8-47E2-BF29-9C897DFFC37C}.Nightly|Win32.Build.0 = Release|Win32
		{19E06AC6-35E8-47E2-BF29-9C897DFFC37C}.Release|Win32.ActiveCfg = Release|Win32
		{19E06AC6-35E8-47E2-BF29-9C897DFFC37C}.Release|Win32.Build.0 = Release|Win32
		{4F9028FA-B7DE-42EA-8FF9-7EA2FF537011}.Debug|Win32.ActiveCfg = Debug|Win32
		{4F9028FA-B7DE-42EA-8FF9-7EA2FF537011}.Debug|Win32.Build.0 = Debug|Win32
		{4F9028FA-B7DE-42EA-8FF9-7EA2FF537011}.Nightly|Win32.ActiveCfg = Release|Win32
		{4F9028FA-B7DE-42EA-8FF9-7EA2FF537011}.Nightly|Win32.Build.0 = Release|Win32
		{4F9028FA-B7DE-42EA-8FF9-7EA2FF537011}.Release|Win32.ActiveCfg = Release|Win32
		{4F9028FA-B7DE-42EA-8FF9-7EA2FF537011}.Release|Win32.Build.0 = Release|Win32
	EndGlobalSection
	GlobalSection(SolutionProperties) = preSolution
		HideSolutionNode = FALSE
	EndGlobalSection
	GlobalSection(NestedProjects) = preSolution
		{A3A3B8B8-9578-4B38-95C9-42A6B4D29A07} = {74D33BF4-EE0A-4D33-979C-5DB5304AB37C}
		{1CE1A1E4-2078-4DD4-9660-671EE8D01848} = {74D33BF4-EE0A-4D33-979C-5DB5304AB37C}
		{91C36243-5BBB-4BA7-8522-69412BD36834} = {74D33BF4-EE0A-4D33-979C-5DB5304AB37C}
		{4F9028FA-B7DE-42EA-8FF9-7EA2FF537011} = {74D33BF4-EE0A-4D33-979C-5DB5304AB37C}
		{8C084B19-A368-4AC4-9CBC-A7D0358EEA38} = {06A79B1E-DA27-40CD-9BF8-5C35264F8CD2}
		{B786EE1C-3F5F-403F-B0FE-795721F73346} = {19D2C173-C0B7-40B1-8C39-A570AF1A083C}
		{21DB5D0C-2F40-4D79-BE75-021E3D35B2F9} = {957F359A-E962-4A33-8448-E573B596741F}
		{9006D124-5D00-4CB7-BAD9-F527B19502C9} = {957F359A-E962-4A33-8448-E573B596741F}
		{7D9BFC11-AEAF-435F-9B1F-EC24747BC4EF} = {957F359A-E962-4A33-8448-E573B596741F}
		{19E06AC6-35E8-47E2-BF29-9C897DFFC37C} = {957F359A-E962-4A33-8448-E573B596741F}
		{232B1F48-87C1-4EF9-98A2-CF675BAC7A54} = {1CE1A1E4-2078-4DD4-9660-671EE8D01848}
		{7582B608-D92F-4FCB-B682-2214B48D1596} = {1CE1A1E4-2078-4DD4-9660-671EE8D01848}
		{04E4A944-225A-4BFB-B7B5-F23AEE884989} = {1CE1A1E4-2078-4DD4-9660-671EE8D01848}
	EndGlobalSection
EndGlobal
