<?xml version="1.0" encoding="utf-8"?>
<Project ToolsVersion="4.0" xmlns="http://schemas.microsoft.com/developer/msbuild/2003">
  <ItemGroup>
    <Filter Include="Source Files">
      <UniqueIdentifier>{4FC737F1-C7A5-4376-A066-2A32D752A2FF}</UniqueIdentifier>
      <Extensions>cpp;c;cc;cxx;def;odl;idl;hpj;bat;asm;asmx</Extensions>
    </Filter>
    <Filter Include="Header Files">
      <UniqueIdentifier>{93995380-89BD-4b04-88EB-625FBE52EBFB}</UniqueIdentifier>
      <Extensions>h;hh;hpp;hxx;hm;inl;inc;xsd</Extensions>
    </Filter>
    <Filter Include="Resource Files">
      <UniqueIdentifier>{67DA6AB6-F800-4c08-8B7A-83BB121AAD01}</UniqueIdentifier>
      <Extensions>rc;ico;cur;bmp;dlg;rc2;rct;bin;rgs;gif;jpg;jpeg;jpe;resx;tiff;tif;png;wav;mfcribbon-ms</Extensions>
    </Filter>
    <Filter Include="Source Files\Shared">
      <UniqueIdentifier>{ec9d790f-f8ea-4888-8ea4-85c9206aef6b}</UniqueIdentifier>
    </Filter>
    <Filter Include="Source Files\Shared\Threading">
      <UniqueIdentifier>{92c5f54b-5b6f-402e-9306-4a8c8259c56c}</UniqueIdentifier>
    </Filter>
    <Filter Include="Source Files\Shared\Network">
      <UniqueIdentifier>{f0ae1d73-858e-4af5-8b18-42a9652973db}</UniqueIdentifier>
    </Filter>
    <Filter Include="Source Files\Shared\md5">
      <UniqueIdentifier>{fb47fda6-1507-4bec-858d-2ee927c4dde0}</UniqueIdentifier>
    </Filter>
    <Filter Include="Header Files\Shared">
      <UniqueIdentifier>{0b4dc10c-e19b-4c91-9cd7-5aa0c00021c6}</UniqueIdentifier>
    </Filter>
    <Filter Include="Header Files\Shared\Threading">
      <UniqueIdentifier>{d1d15223-bd73-42e2-956e-f899ae15b751}</UniqueIdentifier>
    </Filter>
    <Filter Include="Header Files\Shared\Network">
      <UniqueIdentifier>{ef1d267f-8b0b-4c10-857f-f5c7ed07715b}</UniqueIdentifier>
    </Filter>
    <Filter Include="Header Files\Shared\md5">
      <UniqueIdentifier>{2f7215a4-288d-475e-9dc4-4a20522ec97f}</UniqueIdentifier>
    </Filter>
    <Filter Include="Source Files\General">
      <UniqueIdentifier>{68d91c29-4054-46b9-bbc2-140fd3a9fcba}</UniqueIdentifier>
    </Filter>
    <Filter Include="Header Files\General">
      <UniqueIdentifier>{205930c3-779f-4df0-966d-afe046965c03}</UniqueIdentifier>
    </Filter>
  </ItemGroup>
  <ItemGroup>
    <ClCompile Include="main.cpp">
      <Filter>Source Files</Filter>
    </ClCompile>
    <ClCompile Include="..\Shared\CLogFile.cpp">
      <Filter>Source Files\Shared</Filter>
    </ClCompile>
    <ClCompile Include="..\Shared\CString.cpp">
      <Filter>Source Files\Shared</Filter>
    </ClCompile>
    <ClCompile Include="..\Shared\CXML.cpp">
      <Filter>Source Files\Shared</Filter>
    </ClCompile>
    <ClCompile Include="..\Shared\SharedUtility.cpp">
      <Filter>Source Files\Shared</Filter>
    </ClCompile>
    <ClCompile Include="..\Shared\Threading\CMutex.cpp">
      <Filter>Source Files\Shared\Threading</Filter>
    </ClCompile>
    <ClCompile Include="..\Shared\Threading\CThread.cpp">
      <Filter>Source Files\Shared\Threading</Filter>
    </ClCompile>
    <ClCompile Include="..\Shared\Network\CHttpClient.cpp">
      <Filter>Source Files\Shared\Network</Filter>
    </ClCompile>
    <ClCompile Include="..\Shared\md5\md5.cpp">
      <Filter>Source Files\Shared\md5</Filter>
    </ClCompile>
    <ClCompile Include="CCore.cpp">
      <Filter>Source Files</Filter>
    </ClCompile>
    <ClCompile Include="ProjectGlobals.cpp">
      <Filter>Source Files\General</Filter>
    </ClCompile>
  </ItemGroup>
  <ItemGroup>
    <ClInclude Include="..\Shared\CCommon.h">
      <Filter>Header Files\Shared</Filter>
    </ClInclude>
    <ClInclude Include="..\Shared\CLogFile.h">
      <Filter>Header Files\Shared</Filter>
    </ClInclude>
    <ClInclude Include="..\Shared\CRC.h">
      <Filter>Header Files\Shared</Filter>
    </ClInclude>
    <ClInclude Include="..\Shared\CString.h">
      <Filter>Header Files\Shared</Filter>
    </ClInclude>
    <ClInclude Include="..\Shared\CXML.h">
      <Filter>Header Files\Shared</Filter>
    </ClInclude>
    <ClInclude Include="..\Shared\SharedUtility.h">
      <Filter>Header Files\Shared</Filter>
    </ClInclude>
    <ClInclude Include="..\Shared\Threading\CMutex.h">
      <Filter>Header Files\Shared\Threading</Filter>
    </ClInclude>
    <ClInclude Include="..\Shared\Threading\CThread.h">
      <Filter>Header Files\Shared\Threading</Filter>
    </ClInclude>
    <ClInclude Include="..\Shared\Network\CHttpClient.h">
      <Filter>Header Files\Shared\Network</Filter>
    </ClInclude>
    <ClInclude Include="..\Shared\md5\md5.h">
      <Filter>Header Files\Shared\md5</Filter>
    </ClInclude>
    <ClInclude Include="StdInc.h">
      <Filter>Header Files</Filter>
    </ClInclude>
    <ClInclude Include="CSingleton.h">
      <Filter>Header Files\General</Filter>
    </ClInclude>
    <ClInclude Include="CCore.h">
      <Filter>Header Files</Filter>
    </ClInclude>
    <ClInclude Include="ProjectGlobals.h">
      <Filter>Header Files\General</Filter>
    </ClInclude>
  </ItemGroup>
</Project>